<?xml version="1.0" encoding="utf-8"?>
<Project ToolsVersion="4.0" xmlns="http://schemas.microsoft.com/developer/msbuild/2003">
  <ItemGroup>
    <Filter Include="Source Files">
      <UniqueIdentifier>{4FC737F1-C7A5-4376-A066-2A32D752A2FF}</UniqueIdentifier>
      <Extensions>cpp;c;cc;cxx;def;odl;idl;hpj;bat;asm;asmx</Extensions>
    </Filter>
    <Filter Include="Header Files">
      <UniqueIdentifier>{93995380-89BD-4b04-88EB-625FBE52EBFB}</UniqueIdentifier>
      <Extensions>h;hh;hpp;hxx;hm;inl;inc;xsd</Extensions>
    </Filter>
    <Filter Include="Resource Files">
      <UniqueIdentifier>{67DA6AB6-F800-4c08-8B7A-83BB121AAD01}</UniqueIdentifier>
      <Extensions>rc;ico;cur;bmp;dlg;rc2;rct;bin;rgs;gif;jpg;jpeg;jpe;resx;tiff;tif;png;wav;mfcribbon-ms</Extensions>
    </Filter>
  </ItemGroup>
  <ItemGroup>
    <ResourceCompile Include="TFGBot.rc">
      <Filter>Resource Files</Filter>
    </ResourceCompile>
  </ItemGroup>
  <ItemGroup>
    <ClInclude Include="BotBase.h">
      <Filter>Header Files</Filter>
    </ClInclude>
    <ClInclude Include="GameConst.h">
      <Filter>Header Files</Filter>
    </ClInclude>
    <ClInclude Include="PassedGSManager.h">
      <Filter>Header Files</Filter>
    </ClInclude>
    <ClInclude Include="MathUtils.h">
      <Filter>Header Files</Filter>
    </ClInclude>
    <ClInclude Include="GameObject.h">
      <Filter>Header Files</Filter>
    </ClInclude>
    <ClInclude Include="Ship.h">
      <Filter>Header Files</Filter>
    </ClInclude>
    <ClInclude Include="Laser.h">
      <Filter>Header Files</Filter>
    </ClInclude>
    <ClInclude Include="Rock.h">
      <Filter>Header Files</Filter>
    </ClInclude>
    <ClInclude Include="GameState.h">
      <Filter>Header Files</Filter>
    </ClInclude>
    <ClInclude Include="ShipNorrisMA.h">
      <Filter>Header Files</Filter>
    </ClInclude>
    <ClInclude Include="ShipEstimator.h">
      <Filter>Header Files</Filter>
    </ClInclude>
    <ClInclude Include="GameObjectEstimator.h">
      <Filter>Header Files</Filter>
    </ClInclude>
    <ClInclude Include="EstimatorManager.h">
      <Filter>Header Files</Filter>
    </ClInclude>
    <ClInclude Include="MovementManager.h">
      <Filter>Header Files</Filter>
    </ClInclude>
    <ClInclude Include="AlignAngMovement.h">
      <Filter>Header Files</Filter>
    </ClInclude>
    <ClInclude Include="ApproachRectMovement.h">
      <Filter>Header Files</Filter>
    </ClInclude>
    <ClInclude Include="AlignVelMovement.h">
      <Filter>Header Files</Filter>
    </ClInclude>
    <ClInclude Include="Point.h">
      <Filter>Header Files</Filter>
    </ClInclude>
    <ClInclude Include="Movement.h">
      <Filter>Header Files</Filter>
    </ClInclude>
    <ClInclude Include="Action.h">
      <Filter>Header Files</Filter>
    </ClInclude>
    <ClInclude Include="MoveAction.h">
      <Filter>Header Files</Filter>
    </ClInclude>
    <ClInclude Include="Vector2.h">
      <Filter>Header Files</Filter>
    </ClInclude>
    <ClInclude Include="DodgeMovement.h">
      <Filter>Header Files</Filter>
    </ClInclude>
    <ClInclude Include="Defense.h">
      <Filter>Header Files</Filter>
    </ClInclude>
    <ClInclude Include="DefenseRock.h">
      <Filter>Header Files</Filter>
    </ClInclude>
    <ClInclude Include="DefRockConsts.h">
      <Filter>Header Files</Filter>
    </ClInclude>
    <ClInclude Include="DefenseWall.h">
      <Filter>Header Files</Filter>
    </ClInclude>
    <ClInclude Include="DefWallConsts.h">
      <Filter>Header Files</Filter>
    </ClInclude>
    <ClInclude Include="DefenseLaser.h">
      <Filter>Header Files</Filter>
    </ClInclude>
    <ClInclude Include="DefLaserConsts.h">
      <Filter>Header Files</Filter>
    </ClInclude>
    <ClInclude Include="DefendShipSight.h">
      <Filter>Header Files</Filter>
    </ClInclude>
    <ClInclude Include="DefShipSightConsts.h">
      <Filter>Header Files</Filter>
    </ClInclude>
    <ClInclude Include="Attack.h">
      <Filter>Header Files</Filter>
    </ClInclude>
    <ClInclude Include="AttackConsts.h">
      <Filter>Header Files</Filter>
    </ClInclude>
    <ClInclude Include="DefeseFutureLaser.h">
      <Filter>Header Files</Filter>
    </ClInclude>
    <ClInclude Include="DefFutureRock.h">
      <Filter>Header Files</Filter>
    </ClInclude>
    <ClInclude Include="DefenseCenter.h">
      <Filter>Header Files</Filter>
    </ClInclude>
    <ClInclude Include="DefenceOpponent.h">
      <Filter>Header Files</Filter>
    </ClInclude>
  </ItemGroup>
  <ItemGroup>
    <ClCompile Include="BotBase.cpp">
      <Filter>Source Files</Filter>
    </ClCompile>
    <ClCompile Include="GameConst.cpp">
      <Filter>Source Files</Filter>
    </ClCompile>
    <ClCompile Include="main.cpp">
      <Filter>Source Files</Filter>
    </ClCompile>
    <ClCompile Include="PassedGSManager.cpp">
      <Filter>Source Files</Filter>
    </ClCompile>
    <ClCompile Include="MathUtils.cpp">
      <Filter>Source Files</Filter>
    </ClCompile>
    <ClCompile Include="GameObject.cpp">
      <Filter>Source Files</Filter>
    </ClCompile>
    <ClCompile Include="Ship.cpp">
      <Filter>Source Files</Filter>
    </ClCompile>
    <ClCompile Include="Laser.cpp">
      <Filter>Source Files</Filter>
    </ClCompile>
    <ClCompile Include="Rock.cpp">
      <Filter>Source Files</Filter>
    </ClCompile>
    <ClCompile Include="GameState.cpp">
      <Filter>Source Files</Filter>
    </ClCompile>
    <ClCompile Include="ShipNorrisMA.cpp">
      <Filter>Source Files</Filter>
    </ClCompile>
    <ClCompile Include="ShipEstimator.cpp">
      <Filter>Source Files</Filter>
    </ClCompile>
    <ClCompile Include="GameObjectEstimator.cpp">
      <Filter>Source Files</Filter>
    </ClCompile>
    <ClCompile Include="EstimatorManager.cpp">
      <Filter>Source Files</Filter>
    </ClCompile>
    <ClCompile Include="MovementManager.cpp">
      <Filter>Source Files</Filter>
    </ClCompile>
    <ClCompile Include="AlignAngMovement.cpp">
      <Filter>Source Files</Filter>
    </ClCompile>
    <ClCompile Include="ApproachRectMovement.cpp">
      <Filter>Source Files</Filter>
    </ClCompile>
    <ClCompile Include="AlignVelMovement.cpp">
      <Filter>Source Files</Filter>
    </ClCompile>
    <ClCompile Include="Point.cpp">
      <Filter>Source Files</Filter>
    </ClCompile>
    <ClCompile Include="Movement.cpp">
      <Filter>Source Files</Filter>
    </ClCompile>
    <ClCompile Include="Action.cpp">
      <Filter>Source Files</Filter>
    </ClCompile>
    <ClCompile Include="MoveAction.cpp">
      <Filter>Source Files</Filter>
    </ClCompile>
    <ClCompile Include="Vector2.cpp">
      <Filter>Source Files</Filter>
    </ClCompile>
    <ClCompile Include="DodgeLaserMovement.cpp">
      <Filter>Source Files</Filter>
    </ClCompile>
    <ClCompile Include="Defense.cpp">
      <Filter>Source Files</Filter>
    </ClCompile>
    <ClCompile Include="DefenseRock.cpp">
      <Filter>Source Files</Filter>
    </ClCompile>
    <ClCompile Include="DefRockConsts.cpp">
      <Filter>Source Files</Filter>
    </ClCompile>
    <ClCompile Include="DefenseWall.cpp">
      <Filter>Source Files</Filter>
    </ClCompile>
    <ClCompile Include="DefWallConsts.cpp">
      <Filter>Source Files</Filter>
    </ClCompile>
    <ClCompile Include="DefenseLaser.cpp">
      <Filter>Source Files</Filter>
    </ClCompile>
    <ClCompile Include="DefLaserConsts.cpp">
      <Filter>Source Files</Filter>
    </ClCompile>
    <ClCompile Include="DefenseShipSight.cpp">
      <Filter>Source Files</Filter>
    </ClCompile>
    <ClCompile Include="DefShipSightConsts.cpp">
      <Filter>Source Files</Filter>
    </ClCompile>
    <ClCompile Include="Attack.cpp">
      <Filter>Source Files</Filter>
    </ClCompile>
    <ClCompile Include="AttackConsts.cpp">
      <Filter>Source Files</Filter>
    </ClCompile>
    <ClCompile Include="DefenseFutureLaser.cpp">
      <Filter>Source Files</Filter>
    </ClCompile>
    <ClCompile Include="DefFutureRock.cpp">
      <Filter>Source Files</Filter>
    </ClCompile>
    <ClCompile Include="DefenseCenter.cpp">
      <Filter>Source Files</Filter>
    </ClCompile>
    <ClCompile Include="DefenceOpponent.cpp">
      <Filter>Source Files</Filter>
    </ClCompile>
  </ItemGroup>
</Project>